<?xml version="1.0" encoding="utf-8"?>
<Project ToolsVersion="4.0" xmlns="http://schemas.microsoft.com/developer/msbuild/2003">
  <ItemGroup>
    <Filter Include="CUDA">
      <UniqueIdentifier>{0a0b5a13-68a5-456e-80f9-166ae1bbd102}</UniqueIdentifier>
    </Filter>
    <Filter Include="Test">
      <UniqueIdentifier>{fd4c6b06-39ef-4f16-b370-6b6bb5cc6e04}</UniqueIdentifier>
    </Filter>
    <Filter Include="Other">
      <UniqueIdentifier>{b38f2d63-c8d8-455a-bdb2-c8c7e326ea5c}</UniqueIdentifier>
    </Filter>
    <Filter Include="Container">
      <UniqueIdentifier>{94f42191-113a-4e21-9127-ef92aba3f605}</UniqueIdentifier>
    </Filter>
    <Filter Include="Util">
      <UniqueIdentifier>{1e2e4f0b-5c61-485d-a3d2-af64cb15d640}</UniqueIdentifier>
    </Filter>
  </ItemGroup>
  <ItemGroup>
    <ClCompile Include="container_test.cpp">
      <Filter>Test</Filter>
    </ClCompile>
    <ClCompile Include="bucket.cpp">
      <Filter>Other</Filter>
    </ClCompile>
    <ClCompile Include="element.cpp">
      <Filter>Other</Filter>
    </ClCompile>
    <ClCompile Include="site.cpp">
      <Filter>Other</Filter>
    </ClCompile>
    <ClCompile Include="site_arranger.cpp">
      <Filter>Other</Filter>
    </ClCompile>
    <ClCompile Include="z_order.cpp">
      <Filter>Util</Filter>
    </ClCompile>
    <ClCompile Include="hybrid_spatial_db.cpp" />
    <ClCompile Include="stdafx.cpp" />
    <ClCompile Include="index_.cpp">
      <Filter>Container</Filter>
    </ClCompile>
    <ClCompile Include="main.cpp" />
  </ItemGroup>
  <ItemGroup>
    <ClInclude Include="kernel.h">
      <Filter>CUDA</Filter>
    </ClInclude>
    <ClInclude Include="subnet_shortest_path.cuh">
      <Filter>CUDA</Filter>
    </ClInclude>
    <ClInclude Include="check_device_info.cuh">
      <Filter>CUDA</Filter>
    </ClInclude>
    <ClInclude Include="common.h">
      <Filter>CUDA</Filter>
    </ClInclude>
    <ClInclude Include="bucket.h">
      <Filter>Other</Filter>
    </ClInclude>
    <ClInclude Include="element.h">
      <Filter>Other</Filter>
    </ClInclude>
    <ClInclude Include="site.h">
      <Filter>Other</Filter>
    </ClInclude>
    <ClInclude Include="site_arranger.h">
      <Filter>Other</Filter>
    </ClInclude>
    <ClInclude Include="update_info.h">
      <Filter>Other</Filter>
    </ClInclude>
    <ClInclude Include="gtest_prod.h">
      <Filter>Test</Filter>
    </ClInclude>
    <ClInclude Include="z_order.h">
      <Filter>Util</Filter>
    </ClInclude>
    <ClInclude Include="index_.h">
      <Filter>Container</Filter>
    </ClInclude>
    <ClInclude Include="hybrid_spatial_db.h" />
    <ClInclude Include="stdafx.h" />
    <ClInclude Include="targetver.h" />
  </ItemGroup>
  <ItemGroup>
    <CudaCompile Include="kernel.cu">
      <Filter>CUDA</Filter>
    </CudaCompile>
    <CudaCompile Include="subnet_shortest_path.cu">
      <Filter>CUDA</Filter>
    </CudaCompile>
    <CudaCompile Include="check_device_info.cu">
      <Filter>CUDA</Filter>
    </CudaCompile>
  </ItemGroup>
</Project>